
Microsoft Visual Studio Solution File, Format Version 12.00
# Visual Studio Version 17
VisualStudioVersion = 17.0.32014.148
MinimumVisualStudioVersion = 10.0.40219.1
Project("{FAE04EC0-301F-11D3-BF4B-00C04F79EFBC}") = "MVCAssign1", "MVCAssign1.csproj", "{FECBAF72-8C94-4146-AAA2-8195EF4B5AE5}"
EndProject
Global
	GlobalSection(SolutionConfigurationPlatforms) = preSolution
		Debug|Any CPU = Debug|Any CPU
		Release|Any CPU = Release|Any CPU
	EndGlobalSection
	GlobalSection(ProjectConfigurationPlatforms) = postSolution
		{FECBAF72-8C94-4146-AAA2-8195EF4B5AE5}.Debug|Any CPU.ActiveCfg = Debug|Any CPU
		{FECBAF72-8C94-4146-AAA2-8195EF4B5AE5}.Debug|Any CPU.Build.0 = Debug|Any CPU
		{FECBAF72-8C94-4146-AAA2-8195EF4B5AE5}.Release|Any CPU.ActiveCfg = Release|Any CPU
		{FECBAF72-8C94-4146-AAA2-8195EF4B5AE5}.Release|Any CPU.Build.0 = Release|Any CPU
	EndGlobalSection
	GlobalSection(SolutionProperties) = preSolution
		HideSolutionNode = FALSE
	EndGlobalSection
	GlobalSection(ExtensibilityGlobals) = postSolution
		SolutionGuid = {75A0F815-A4A3-4ABF-A1C7-9F555F128044}
	EndGlobalSection
EndGlobal
